{
  "name": "@gitsheets/core-napi",
  "version": "0.4.0",
  "lockfileVersion": 3,
  "requires": true,
  "packages": {
    "": {
      "name": "@gitsheets/core-napi",
      "version": "0.4.0",
      "license": "Apache-2.0",
      "devDependencies": {
        "@napi-rs/cli": "^2.18.4",
        "ajv": "^8.20.0",
        "ajv-formats": "^3.0.1",
        "rfc6902": "^5.2.0",
        "smol-toml": "^1.7.0"
      },
      "engines": {
        "node": ">=20"
      },
      "optionalDependencies": {
        "@gitsheets/core-napi-darwin-arm64": "0.4.0",
        "@gitsheets/core-napi-darwin-x64": "0.4.0",
        "@gitsheets/core-napi-linux-arm64-gnu": "0.4.0",
        "@gitsheets/core-napi-linux-x64-gnu": "0.4.0",
        "@gitsheets/core-napi-linux-x64-musl": "0.4.0",
        "@gitsheets/core-napi-win32-x64-msvc": "0.4.0"
      }
    },
    "node_modules/@gitsheets/core-napi-darwin-arm64": {
      "version": "0.4.0",
      "resolved": "https://registry.npmjs.org/@gitsheets/core-napi-darwin-arm64/-/core-napi-darwin-arm64-0.4.0.tgz",
      "integrity": "sha512-lXbPtRNovqla4Axj0zB89Q0gkQkoI4VHfgRTJVKXgK8GKcaNM7T0Y8J14lOTNugzP8KkLIbM0ea/Vep/kjeieQ==",
      "cpu": [
        "arm64"
      ],
      "license": "Apache-2.0",
      "optional": true,
      "os": [
        "darwin"
      ],
      "engines": {
        "node": ">=20"
      }
    },
    "node_modules/@gitsheets/core-napi-darwin-x64": {
      "version": "0.4.0",
      "resolved": "https://registry.npmjs.org/@gitsheets/core-napi-darwin-x64/-/core-napi-darwin-x64-0.4.0.tgz",
      "integrity": "sha512-vooQ4yxlMfpuSPhngz8B2rlvnljCSYte3irLkCQctqSGwBKOoIj1oHLOxvMqCEs0PI3ilkAZbIkgwsdv+58LGg==",
      "cpu": [
        "x64"
      ],
      "license": "Apache-2.0",
      "optional": true,
      "os": [
        "darwin"
      ],
      "engines": {
        "node": ">=20"
      }
    },
    "node_modules/@gitsheets/core-napi-linux-arm64-gnu": {
      "version": "0.4.0",
      "resolved": "https://registry.npmjs.org/@gitsheets/core-napi-linux-arm64-gnu/-/core-napi-linux-arm64-gnu-0.4.0.tgz",
      "integrity": "sha512-GOk3EaM7kmxGvVdO0RG06t5Y5UJBq7bGQnauZN+dUJAPaPpA0Uidx21UGiEVtb0WBMaoSnyK0kGQ0QpwHDpy7A==",
      "cpu": [
        "arm64"
      ],
      "libc": [
        "glibc"
      ],
      "license": "Apache-2.0",
      "optional": true,
      "os": [
        "linux"
      ],
      "engines": {
        "node": ">=20"
      }
    },
    "node_modules/@gitsheets/core-napi-linux-x64-gnu": {
      "version": "0.4.0",
      "resolved": "https://registry.npmjs.org/@gitsheets/core-napi-linux-x64-gnu/-/core-napi-linux-x64-gnu-0.4.0.tgz",
      "integrity": "sha512-Dy8Rav7pzJxgZX3kXztOEWq3p3W7fw8wY4EfzI6qScoQzpWy04wKFaPiz2zdmDP3KhKsBffr4NN2JgqpECMcgg==",
      "cpu": [
        "x64"
      ],
      "libc": [
        "glibc"
      ],
      "license": "Apache-2.0",
      "optional": true,
      "os": [
        "linux"
      ],
      "engines": {
        "node": ">=20"
      }
    },
    "node_modules/@gitsheets/core-napi-linux-x64-musl": {
      "version": "0.4.0",
      "resolved": "https://registry.npmjs.org/@gitsheets/core-napi-linux-x64-musl/-/core-napi-linux-x64-musl-0.4.0.tgz",
      "integrity": "sha512-MQierkKVNr+DLUd0W0yA6ISk+MdnkfGOWmBdLWzeMGYpDTZCj/pk6Zc1UvIDoT3sOsJSqKxEx6lJXyIz7CRXwg==",
      "cpu": [
        "x64"
      ],
      "libc": [
        "musl"
      ],
      "license": "Apache-2.0",
      "optional": true,
      "os": [
        "linux"
      ],
      "engines": {
        "node": ">=20"
      }
    },
    "node_modules/@gitsheets/core-napi-win32-x64-msvc": {
      "version": "0.4.0",
      "resolved": "https://registry.npmjs.org/@gitsheets/core-napi-win32-x64-msvc/-/core-napi-win32-x64-msvc-0.4.0.tgz",
      "integrity": "sha512-UQXeY5irexeJxxV/bU2VHov5CZHlQjdkqI0YuyOF7XZ8tse8cUe93EsCeb5Mi1i6ffSuHMHoUcXwmdfQvvHyYQ==",
      "cpu": [
        "x64"
      ],
      "license": "Apache-2.0",
      "optional": true,
      "os": [
        "win32"
      ],
      "engines": {
        "node": ">=20"
      }
    },
    "node_modules/@napi-rs/cli": {
      "version": "2.18.4",
      "resolved": "https://registry.npmjs.org/@napi-rs/cli/-/cli-2.18.4.tgz",
      "integrity": "sha512-SgJeA4df9DE2iAEpr3M2H0OKl/yjtg1BnRI5/JyowS71tUWhrfSu2LT0V3vlHET+g1hBVlrO60PmEXwUEKp8Mg==",
      "dev": true,
      "license": "MIT",
      "bin": {
        "napi": "scripts/index.js"
      },
      "engines": {
        "node": ">= 10"
      },
      "funding": {
        "type": "github",
        "url": "https://github.com/sponsors/Brooooooklyn"
      }
    },
    "node_modules/ajv": {
      "version": "8.20.0",
      "resolved": "https://registry.npmjs.org/ajv/-/ajv-8.20.0.tgz",
      "integrity": "sha512-Thbli+OlOj+iMPYFBVBfJ3OmCAnaSyNn4M1vz9T6Gka5Jt9ba/HIR56joy65tY6kx/FCF5VXNB819Y7/GUrBGA==",
      "dev": true,
      "license": "MIT",
      "dependencies": {
        "fast-deep-equal": "^3.1.3",
        "fast-uri": "^3.0.1",
        "json-schema-traverse": "^1.0.0",
        "require-from-string": "^2.0.2"
      },
      "funding": {
        "type": "github",
        "url": "https://github.com/sponsors/epoberezkin"
      }
    },
    "node_modules/ajv-formats": {
      "version": "3.0.1",
      "resolved": "https://registry.npmjs.org/ajv-formats/-/ajv-formats-3.0.1.tgz",
      "integrity": "sha512-8iUql50EUR+uUcdRQ3HDqa6EVyo3docL8g5WJ3FNcWmu62IbkGUue/pEyLBW8VGKKucTPgqeks4fIU1DA4yowQ==",
      "dev": true,
      "license": "MIT",
      "dependencies": {
        "ajv": "^8.0.0"
      },
      "peerDependencies": {
        "ajv": "^8.0.0"
      },
      "peerDependenciesMeta": {
        "ajv": {
          "optional": true
        }
      }
    },
    "node_modules/fast-deep-equal": {
      "version": "3.1.3",
      "resolved": "https://registry.npmjs.org/fast-deep-equal/-/fast-deep-equal-3.1.3.tgz",
      "integrity": "sha512-f3qQ9oQy9j2AhBe/H9VC91wLmKBCCU/gDOnKNAYG5hswO7BLKj09Hc5HYNz9cGI++xlpDCIgDaitVs03ATR84Q==",
      "dev": true,
      "license": "MIT"
    },
    "node_modules/fast-uri": {
      "version": "3.1.7",
      "resolved": "https://registry.npmjs.org/fast-uri/-/fast-uri-3.1.7.tgz",
      "integrity": "sha512-dOvZVzjdZdz7phd9v6jCbwxrBW3fK6n8Rc0CtdmM4bumzMnxywBYhuph6J819RRw/ku+rLbelwfMunktuzVVHg==",
      "dev": true,
      "funding": [
        {
          "type": "github",
          "url": "https://github.com/sponsors/fastify"
        },
        {
          "type": "opencollective",
          "url": "https://opencollective.com/fastify"
        }
      ],
      "license": "BSD-3-Clause"
    },
    "node_modules/json-schema-traverse": {
      "version": "1.0.0",
      "resolved": "https://registry.npmjs.org/json-schema-traverse/-/json-schema-traverse-1.0.0.tgz",
      "integrity": "sha512-NM8/P9n3XjXhIZn1lLhkFaACTOURQXjWhV4BA/RnOv8xvgqtqpAX9IO4mRQxSx1Rlo4tqzeqb0sOlruaOy3dug==",
      "dev": true,
      "license": "MIT"
    },
    "node_modules/require-from-string": {
      "version": "2.0.2",
      "resolved": "https://registry.npmjs.org/require-from-string/-/require-from-string-2.0.2.tgz",
      "integrity": "sha512-Xf0nWe6RseziFMu+Ap9biiUbmplq6S9/p+7w7YXP/JBHhrUDDUhwa+vANyubuqfZWTveU//DYVGsDG7RKL/vEw==",
      "dev": true,
      "license": "MIT",
      "engines": {
        "node": ">=0.10.0"
      }
    },
    "node_modules/rfc6902": {
      "version": "5.2.0",
      "resolved": "https://registry.npmjs.org/rfc6902/-/rfc6902-5.2.0.tgz",
      "integrity": "sha512-ZNQpVnWsdLMTCcLZcUY9ZBhxWuj7/H13EM7NL2gvbAMBXfLeN3iOLi3TWT1+8Or7OTLYXRDCy7sTEStk3j4KBA==",
      "dev": true,
      "license": "MIT"
    },
    "node_modules/smol-toml": {
      "version": "1.7.0",
      "resolved": "https://registry.npmjs.org/smol-toml/-/smol-toml-1.7.0.tgz",
      "integrity": "sha512-aqVvWoyO21L23mb+drl4RmMXbf6N7FdHjAhTRA9ZBL7apWBgfWC16KjrASI+1p9GAroljyMHj6fK67i0UiTNvQ==",
      "dev": true,
      "license": "BSD-3-Clause",
      "engines": {
        "node": ">= 18"
      },
      "funding": {
        "url": "https://github.com/sponsors/cyyynthia"
      }
    }
  }
}
